
Microsoft Visual Studio Solution File, Format Version 12.00
# Visual Studio Version 16
VisualStudioVersion = 16.0.31624.102
MinimumVisualStudioVersion = 10.0.40219.1
Project("{FAE04EC0-301F-11D3-BF4B-00C04F79EFBC}") = "8.4", "8.4\8.4.csproj", "{4EB42BFE-4DA8-41B7-A69F-DDB73C3EACCE}"
EndProject
Global
	GlobalSection(SolutionConfigurationPlatforms) = preSolution
		Debug|Any CPU = Debug|Any CPU
		Release|Any CPU = Release|Any CPU
	EndGlobalSection
	GlobalSection(ProjectConfigurationPlatforms) = postSolution
		{4EB42BFE-4DA8-41B7-A69F-DDB73C3EACCE}.Debug|Any CPU.ActiveCfg = Debug|Any CPU
		{4EB42BFE-4DA8-41B7-A69F-DDB73C3EACCE}.Debug|Any CPU.Build.0 = Debug|Any CPU
		{4EB42BFE-4DA8-41B7-A69F-DDB73C3EACCE}.Release|Any CPU.ActiveCfg = Release|Any CPU
		{4EB42BFE-4DA8-41B7-A69F-DDB73C3EACCE}.Release|Any CPU.Build.0 = Release|Any CPU
	EndGlobalSection
	GlobalSection(SolutionProperties) = preSolution
		HideSolutionNode = FALSE
	EndGlobalSection
	GlobalSection(ExtensibilityGlobals) = postSolution
		SolutionGuid = {D071AF21-6B6E-4B0D-9D36-90ADBE2125A7}
	EndGlobalSection
EndGlobal
