
Microsoft Visual Studio Solution File, Format Version 12.00
# Visual Studio Version 16
VisualStudioVersion = 16.0.31624.102
MinimumVisualStudioVersion = 10.0.40219.1
Project("{FAE04EC0-301F-11D3-BF4B-00C04F79EFBC}") = "brackets", "brackets\brackets.csproj", "{D3F3C1AD-C04C-4D53-8DC2-BA51C4683313}"
EndProject
Global
	GlobalSection(SolutionConfigurationPlatforms) = preSolution
		Debug|Any CPU = Debug|Any CPU
		Release|Any CPU = Release|Any CPU
	EndGlobalSection
	GlobalSection(ProjectConfigurationPlatforms) = postSolution
		{D3F3C1AD-C04C-4D53-8DC2-BA51C4683313}.Debug|Any CPU.ActiveCfg = Debug|Any CPU
		{D3F3C1AD-C04C-4D53-8DC2-BA51C4683313}.Debug|Any CPU.Build.0 = Debug|Any CPU
		{D3F3C1AD-C04C-4D53-8DC2-BA51C4683313}.Release|Any CPU.ActiveCfg = Release|Any CPU
		{D3F3C1AD-C04C-4D53-8DC2-BA51C4683313}.Release|Any CPU.Build.0 = Release|Any CPU
	EndGlobalSection
	GlobalSection(SolutionProperties) = preSolution
		HideSolutionNode = FALSE
	EndGlobalSection
	GlobalSection(ExtensibilityGlobals) = postSolution
		SolutionGuid = {55994452-4928-4E54-9D2B-CC5E239035A2}
	EndGlobalSection
EndGlobal
