
Microsoft Visual Studio Solution File, Format Version 12.00
# Visual Studio Version 16
VisualStudioVersion = 16.0.31624.102
MinimumVisualStudioVersion = 10.0.40219.1
Project("{FAE04EC0-301F-11D3-BF4B-00C04F79EFBC}") = "task6.1", "task6.1\task6.1.csproj", "{5A263CB7-AF8C-48EC-98E4-B6766D5CCC0F}"
EndProject
Global
	GlobalSection(SolutionConfigurationPlatforms) = preSolution
		Debug|Any CPU = Debug|Any CPU
		Release|Any CPU = Release|Any CPU
	EndGlobalSection
	GlobalSection(ProjectConfigurationPlatforms) = postSolution
		{5A263CB7-AF8C-48EC-98E4-B6766D5CCC0F}.Debug|Any CPU.ActiveCfg = Debug|Any CPU
		{5A263CB7-AF8C-48EC-98E4-B6766D5CCC0F}.Debug|Any CPU.Build.0 = Debug|Any CPU
		{5A263CB7-AF8C-48EC-98E4-B6766D5CCC0F}.Release|Any CPU.ActiveCfg = Release|Any CPU
		{5A263CB7-AF8C-48EC-98E4-B6766D5CCC0F}.Release|Any CPU.Build.0 = Release|Any CPU
	EndGlobalSection
	GlobalSection(SolutionProperties) = preSolution
		HideSolutionNode = FALSE
	EndGlobalSection
	GlobalSection(ExtensibilityGlobals) = postSolution
		SolutionGuid = {6EF2BBF3-C4ED-4CB2-AB08-2602FF56FD6E}
	EndGlobalSection
EndGlobal
