
Microsoft Visual Studio Solution File, Format Version 12.00
# Visual Studio Version 16
VisualStudioVersion = 16.0.31624.102
MinimumVisualStudioVersion = 10.0.40219.1
Project("{FAE04EC0-301F-11D3-BF4B-00C04F79EFBC}") = "FilesAndDirectories", "FilesAndDirectories\FilesAndDirectories.csproj", "{E08BEBDF-B4C3-4FF4-A1F2-57D2BFF15414}"
EndProject
Global
	GlobalSection(SolutionConfigurationPlatforms) = preSolution
		Debug|Any CPU = Debug|Any CPU
		Release|Any CPU = Release|Any CPU
	EndGlobalSection
	GlobalSection(ProjectConfigurationPlatforms) = postSolution
		{E08BEBDF-B4C3-4FF4-A1F2-57D2BFF15414}.Debug|Any CPU.ActiveCfg = Debug|Any CPU
		{E08BEBDF-B4C3-4FF4-A1F2-57D2BFF15414}.Debug|Any CPU.Build.0 = Debug|Any CPU
		{E08BEBDF-B4C3-4FF4-A1F2-57D2BFF15414}.Release|Any CPU.ActiveCfg = Release|Any CPU
		{E08BEBDF-B4C3-4FF4-A1F2-57D2BFF15414}.Release|Any CPU.Build.0 = Release|Any CPU
	EndGlobalSection
	GlobalSection(SolutionProperties) = preSolution
		HideSolutionNode = FALSE
	EndGlobalSection
	GlobalSection(ExtensibilityGlobals) = postSolution
		SolutionGuid = {6DCA60EF-97E6-458D-A2F6-908EA158B58F}
	EndGlobalSection
EndGlobal
