
Microsoft Visual Studio Solution File, Format Version 12.00
# Visual Studio Version 16
VisualStudioVersion = 16.0.31624.102
MinimumVisualStudioVersion = 10.0.40219.1
Project("{FAE04EC0-301F-11D3-BF4B-00C04F79EFBC}") = "8.3", "8.3\8.3.csproj", "{828BFE8D-389F-47B4-8F66-C8E6F7A36643}"
EndProject
Global
	GlobalSection(SolutionConfigurationPlatforms) = preSolution
		Debug|Any CPU = Debug|Any CPU
		Release|Any CPU = Release|Any CPU
	EndGlobalSection
	GlobalSection(ProjectConfigurationPlatforms) = postSolution
		{828BFE8D-389F-47B4-8F66-C8E6F7A36643}.Debug|Any CPU.ActiveCfg = Debug|Any CPU
		{828BFE8D-389F-47B4-8F66-C8E6F7A36643}.Debug|Any CPU.Build.0 = Debug|Any CPU
		{828BFE8D-389F-47B4-8F66-C8E6F7A36643}.Release|Any CPU.ActiveCfg = Release|Any CPU
		{828BFE8D-389F-47B4-8F66-C8E6F7A36643}.Release|Any CPU.Build.0 = Release|Any CPU
	EndGlobalSection
	GlobalSection(SolutionProperties) = preSolution
		HideSolutionNode = FALSE
	EndGlobalSection
	GlobalSection(ExtensibilityGlobals) = postSolution
		SolutionGuid = {24891F35-C9B3-4A5A-AEE3-49802948B917}
	EndGlobalSection
EndGlobal
