
Microsoft Visual Studio Solution File, Format Version 12.00
# Visual Studio Version 16
VisualStudioVersion = 16.0.31624.102
MinimumVisualStudioVersion = 10.0.40219.1
Project("{FAE04EC0-301F-11D3-BF4B-00C04F79EFBC}") = "Interface", "Interface\Interface.csproj", "{3BFDE693-0B70-4AAF-BDDA-B1CD66D76508}"
EndProject
Global
	GlobalSection(SolutionConfigurationPlatforms) = preSolution
		Debug|Any CPU = Debug|Any CPU
		Release|Any CPU = Release|Any CPU
	EndGlobalSection
	GlobalSection(ProjectConfigurationPlatforms) = postSolution
		{3BFDE693-0B70-4AAF-BDDA-B1CD66D76508}.Debug|Any CPU.ActiveCfg = Debug|Any CPU
		{3BFDE693-0B70-4AAF-BDDA-B1CD66D76508}.Debug|Any CPU.Build.0 = Debug|Any CPU
		{3BFDE693-0B70-4AAF-BDDA-B1CD66D76508}.Release|Any CPU.ActiveCfg = Release|Any CPU
		{3BFDE693-0B70-4AAF-BDDA-B1CD66D76508}.Release|Any CPU.Build.0 = Release|Any CPU
	EndGlobalSection
	GlobalSection(SolutionProperties) = preSolution
		HideSolutionNode = FALSE
	EndGlobalSection
	GlobalSection(ExtensibilityGlobals) = postSolution
		SolutionGuid = {34EFC5CC-5934-4841-8532-0AFA5389BECE}
	EndGlobalSection
EndGlobal
