
Microsoft Visual Studio Solution File, Format Version 12.00
# Visual Studio Version 16
VisualStudioVersion = 16.0.31624.102
MinimumVisualStudioVersion = 10.0.40219.1
Project("{FAE04EC0-301F-11D3-BF4B-00C04F79EFBC}") = "task9exam", "task9exam\task9exam.csproj", "{EBFE7EDD-2335-4158-8CA9-A15E9CE5C3AA}"
EndProject
Global
	GlobalSection(SolutionConfigurationPlatforms) = preSolution
		Debug|Any CPU = Debug|Any CPU
		Release|Any CPU = Release|Any CPU
	EndGlobalSection
	GlobalSection(ProjectConfigurationPlatforms) = postSolution
		{EBFE7EDD-2335-4158-8CA9-A15E9CE5C3AA}.Debug|Any CPU.ActiveCfg = Debug|Any CPU
		{EBFE7EDD-2335-4158-8CA9-A15E9CE5C3AA}.Debug|Any CPU.Build.0 = Debug|Any CPU
		{EBFE7EDD-2335-4158-8CA9-A15E9CE5C3AA}.Release|Any CPU.ActiveCfg = Release|Any CPU
		{EBFE7EDD-2335-4158-8CA9-A15E9CE5C3AA}.Release|Any CPU.Build.0 = Release|Any CPU
	EndGlobalSection
	GlobalSection(SolutionProperties) = preSolution
		HideSolutionNode = FALSE
	EndGlobalSection
	GlobalSection(ExtensibilityGlobals) = postSolution
		SolutionGuid = {25C66358-919F-47E0-A81F-A053725744AE}
	EndGlobalSection
EndGlobal
