
Microsoft Visual Studio Solution File, Format Version 12.00
# Visual Studio Version 16
VisualStudioVersion = 16.0.31624.102
MinimumVisualStudioVersion = 10.0.40219.1
Project("{FAE04EC0-301F-11D3-BF4B-00C04F79EFBC}") = "Forms", "Forms\Forms.csproj", "{A6DD0244-EB3A-4741-B688-972CA0A178AB}"
EndProject
Global
	GlobalSection(SolutionConfigurationPlatforms) = preSolution
		Debug|Any CPU = Debug|Any CPU
		Release|Any CPU = Release|Any CPU
	EndGlobalSection
	GlobalSection(ProjectConfigurationPlatforms) = postSolution
		{A6DD0244-EB3A-4741-B688-972CA0A178AB}.Debug|Any CPU.ActiveCfg = Debug|Any CPU
		{A6DD0244-EB3A-4741-B688-972CA0A178AB}.Debug|Any CPU.Build.0 = Debug|Any CPU
		{A6DD0244-EB3A-4741-B688-972CA0A178AB}.Release|Any CPU.ActiveCfg = Release|Any CPU
		{A6DD0244-EB3A-4741-B688-972CA0A178AB}.Release|Any CPU.Build.0 = Release|Any CPU
	EndGlobalSection
	GlobalSection(SolutionProperties) = preSolution
		HideSolutionNode = FALSE
	EndGlobalSection
	GlobalSection(ExtensibilityGlobals) = postSolution
		SolutionGuid = {974A6FA1-0550-4CC4-AD12-D438E093CFE8}
	EndGlobalSection
EndGlobal
