
Microsoft Visual Studio Solution File, Format Version 12.00
# Visual Studio Version 16
VisualStudioVersion = 16.0.31624.102
MinimumVisualStudioVersion = 10.0.40219.1
Project("{FAE04EC0-301F-11D3-BF4B-00C04F79EFBC}") = "VectorAlgebra", "VectorAlgebra\VectorAlgebra.csproj", "{8621182F-A3FB-4060-95DD-E89DEB14D692}"
EndProject
Project("{FAE04EC0-301F-11D3-BF4B-00C04F79EFBC}") = "Vectors", "Vectors\Vectors.csproj", "{CA7FBD0B-5E76-4D8E-B433-B4151728EB97}"
EndProject
Global
	GlobalSection(SolutionConfigurationPlatforms) = preSolution
		Debug|Any CPU = Debug|Any CPU
		Release|Any CPU = Release|Any CPU
	EndGlobalSection
	GlobalSection(ProjectConfigurationPlatforms) = postSolution
		{8621182F-A3FB-4060-95DD-E89DEB14D692}.Debug|Any CPU.ActiveCfg = Debug|Any CPU
		{8621182F-A3FB-4060-95DD-E89DEB14D692}.Debug|Any CPU.Build.0 = Debug|Any CPU
		{8621182F-A3FB-4060-95DD-E89DEB14D692}.Release|Any CPU.ActiveCfg = Release|Any CPU
		{8621182F-A3FB-4060-95DD-E89DEB14D692}.Release|Any CPU.Build.0 = Release|Any CPU
		{CA7FBD0B-5E76-4D8E-B433-B4151728EB97}.Debug|Any CPU.ActiveCfg = Debug|Any CPU
		{CA7FBD0B-5E76-4D8E-B433-B4151728EB97}.Debug|Any CPU.Build.0 = Debug|Any CPU
		{CA7FBD0B-5E76-4D8E-B433-B4151728EB97}.Release|Any CPU.ActiveCfg = Release|Any CPU
		{CA7FBD0B-5E76-4D8E-B433-B4151728EB97}.Release|Any CPU.Build.0 = Release|Any CPU
	EndGlobalSection
	GlobalSection(SolutionProperties) = preSolution
		HideSolutionNode = FALSE
	EndGlobalSection
	GlobalSection(ExtensibilityGlobals) = postSolution
		SolutionGuid = {F47C585C-F689-436C-ADFC-BA3049B1E9E0}
	EndGlobalSection
EndGlobal
